// !$*UTF8*$!
{
	archiveVersion = 1;
	classes = {
	};
	objectVersion = 48;
	objects = {

/* Begin PBXBuildFile section */
		24D163DE1F63F7F1004DE5AD /* AppDelegate.swift in Sources */ = {isa = PBXBuildFile; fileRef = 24D163DD1F63F7F1004DE5AD /* AppDelegate.swift */; };
		24D163E01F63F7F1004DE5AD /* ViewController.swift in Sources */ = {isa = PBXBuildFile; fileRef = 24D163DF1F63F7F1004DE5AD /* ViewController.swift */; };
		24D163E31F63F7F1004DE5AD /* Main.storyboard in Resources */ = {isa = PBXBuildFile; fileRef = 24D163E11F63F7F1004DE5AD /* Main.storyboard */; };
		24D163E51F63F7F1004DE5AD /* Assets.xcassets in Resources */ = {isa = PBXBuildFile; fileRef = 24D163E41F63F7F1004DE5AD /* Assets.xcassets */; };
		24D163E81F63F7F1004DE5AD /* LaunchScreen.storyboard in Resources */ = {isa = PBXBuildFile; fileRef = 24D163E61F63F7F1004DE5AD /* LaunchScreen.storyboard */; };
		24D163F01F63F83D004DE5AD /* KCProgressButton.swift in Sources */ = {isa = PBXBuildFile; fileRef = 24D163EF1F63F83A004DE5AD /* KCProgressButton.swift */; };
/* End PBXBuildFile section */

/* Begin PBXFileReference section */
		24D163DA1F63F7F1004DE5AD /* KCProgressButton.app */ = {isa = PBXFileReference; explicitFileType = wrapper.application; includeInIndex = 0; path = KCProgressButton.app; sourceTree = BUILT_PRODUCTS_DIR; };
		24D163DD1F63F7F1004DE5AD /* AppDelegate.swift */ = {isa = PBXFileReference; lastKnownFileType = sourcecode.swift; path = AppDelegate.swift; sourceTree = "<group>"; };
		24D163DF1F63F7F1004DE5AD /* ViewController.swift */ = {isa = PBXFileReference; lastKnownFileType = sourcecode.swift; path = ViewController.swift; sourceTree = "<group>"; };
		24D163E21F63F7F1004DE5AD /* Base */ = {isa = PBXFileReference; lastKnownFileType = file.storyboard; name = Base; path = Base.lproj/Main.storyboard; sourceTree = "<group>"; };
		24D163E41F63F7F1004DE5AD /* Assets.xcassets */ = {isa = PBXFileReference; lastKnownFileType = folder.assetcatalog; path = Assets.xcassets; sourceTree = "<group>"; };
		24D163E71F63F7F1004DE5AD /* Base */ = {isa = PBXFileReference; lastKnownFileType = file.storyboard; name = Base; path = Base.lproj/LaunchScreen.storyboard; sourceTree = "<group>"; };
		24D163E91F63F7F1004DE5AD /* Info.plist */ = {isa = PBXFileReference; lastKnownFileType = text.plist.xml; path = Info.plist; sourceTree = "<group>"; };
		24D163EF1F63F83A004DE5AD /* KCProgressButton.swift */ = {isa = PBXFileReference; lastKnownFileType = sourcecode.swift; path = KCProgressButton.swift; sourceTree = "<group>"; };
/* End PBXFileReference section */

/* Begin PBXFrameworksBuildPhase section */
		24D163D71F63F7F1004DE5AD /* Frameworks */ = {
			isa = PBXFrameworksBuildPhase;
			buildActionMask = 2147483647;
			files = (
			);
			runOnlyForDeploymentPostprocessing = 0;
		};
/* End PBXFrameworksBuildPhase section */

/* Begin PBXGroup section */
		24D163D11F63F7F1004DE5AD = {
			isa = PBXGroup;
			children = (
				24D163DC1F63F7F1004DE5AD /* KCProgressButton */,
				24D163DB1F63F7F1004DE5AD /* Products */,
			);
			sourceTree = "<group>";
		};
		24D163DB1F63F7F1004DE5AD /* Products */ = {
			isa = PBXGroup;
			children = (
				24D163DA1F63F7F1004DE5AD /* KCProgressButton.app */,
			);
			name = Products;
			sourceTree = "<group>";
		};
		24D163DC1F63F7F1004DE5AD /* KCProgressButton */ = {
			isa = PBXGroup;
			children = (
				24D163DD1F63F7F1004DE5AD /* AppDelegate.swift */,
				24D163DF1F63F7F1004DE5AD /* ViewController.swift */,
				24D163EF1F63F83A004DE5AD /* KCProgressButton.swift */,
				24D163E11F63F7F1004DE5AD /* Main.storyboard */,
				24D163E41F63F7F1004DE5AD /* Assets.xcassets */,
				24D163E61F63F7F1004DE5AD /* LaunchScreen.storyboard */,
				24D163E91F63F7F1004DE5AD /* Info.plist */,
			);
			path = KCProgressButton;
			sourceTree = "<group>";
		};
/* End PBXGroup section */

/* Begin PBXNativeTarget section */
		24D163D91F63F7F1004DE5AD /* KCProgressButton */ = {
			isa = PBXNativeTarget;
			buildConfigurationList = 24D163EC1F63F7F1004DE5AD /* Build configuration list for PBXNativeTarget "KCProgressButton" */;
			buildPhases = (
				24D163D61F63F7F1004DE5AD /* Sources */,
				24D163D71F63F7F1004DE5AD /* Frameworks */,
				24D163D81F63F7F1004DE5AD /* Resources */,
			);
			buildRules = (
			);
			dependencies = (
			);
			name = KCProgressButton;
			productName = KCProgressButton;
			productReference = 24D163DA1F63F7F1004DE5AD /* KCProgressButton.app */;
			productType = "com.apple.product-type.application";
		};
/* End PBXNativeTarget section */

/* Begin PBXProject section */
		24D163D21F63F7F1004DE5AD /* Project object */ = {
			isa = PBXProject;
			attributes = {
				LastSwiftUpdateCheck = 0900;
				LastUpgradeCheck = 0900;
				ORGANIZATIONNAME = "宋 奎熹";
				TargetAttributes = {
					24D163D91F63F7F1004DE5AD = {
						CreatedOnToolsVersion = 9.0;
					};
				};
			};
			buildConfigurationList = 24D163D51F63F7F1004DE5AD /* Build configuration list for PBXProject "KCProgressButton" */;
			compatibilityVersion = "Xcode 8.0";
			developmentRegion = en;
			hasScannedForEncodings = 0;
			knownRegions = (
				en,
				Base,
			);
			mainGroup = 24D163D11F63F7F1004DE5AD;
			productRefGroup = 24D163DB1F63F7F1004DE5AD /* Products */;
			projectDirPath = "";
			projectRoot = "";
			targets = (
				24D163D91F63F7F1004DE5AD /* KCProgressButton */,
			);
		};
/* End PBXProject section */

/* Begin PBXResourcesBuildPhase section */
		24D163D81F63F7F1004DE5AD /* Resources */ = {
			isa = PBXResourcesBuildPhase;
			buildActionMask = 2147483647;
			files = (
				24D163E81F63F7F1004DE5AD /* LaunchScreen.storyboard in Resources */,
				24D163E51F63F7F1004DE5AD /* Assets.xcassets in Resources */,
				24D163E31F63F7F1004DE5AD /* Main.storyboard in Resources */,
			);
			runOnlyForDeploymentPostprocessing = 0;
		};
/* End PBXResourcesBuildPhase section */

/* Begin PBXSourcesBuildPhase section */
		24D163D61F63F7F1004DE5AD /* Sources */ = {
			isa = PBXSourcesBuildPhase;
			buildActionMask = 2147483647;
			files = (
				24D163E01F63F7F1004DE5AD /* ViewController.swift in Sources */,
				24D163F01F63F83D004DE5AD /* KCProgressButton.swift in Sources */,
				24D163DE1F63F7F1004DE5AD /* AppDelegate.swift in Sources */,
			);
			runOnlyForDeploymentPostprocessing = 0;
		};
/* End PBXSourcesBuildPhase section */

/* Begin PBXVariantGroup section */
		24D163E11F63F7F1004DE5AD /* Main.storyboard */ = {
			isa = PBXVariantGroup;
			children = (
				24D163E21F63F7F1004DE5AD /* Base */,
			);
			name = Main.storyboard;
			sourceTree = "<group>";
		};
		24D163E61F63F7F1004DE5AD /* LaunchScreen.storyboard */ = {
			isa = PBXVariantGroup;
			children = (
				24D163E71F63F7F1004DE5AD /* Base */,
			);
			name = LaunchScreen.storyboard;
			sourceTree = "<group>";
		};
/* End PBXVariantGroup section */

/* Begin XCBuildConfiguration section */
		24D163EA1F63F7F1004DE5AD /* Debug */ = {
			isa = XCBuildConfiguration;
			buildSettings = {
				ALWAYS_SEARCH_USER_PATHS = NO;
				CLANG_ANALYZER_NONNULL = YES;
				CLANG_ANALYZER_NUMBER_OBJECT_CONVERSION = YES_AGGRESSIVE;
				CLANG_CXX_LANGUAGE_STANDARD = "gnu++14";
				CLANG_CXX_LIBRARY = "libc++";
				CLANG_ENABLE_MODULES = YES;
				CLANG_ENABLE_OBJC_ARC = YES;
				CLANG_WARN_BLOCK_CAPTURE_AUTORELEASING = YES;
				CLANG_WARN_BOOL_CONVERSION = YES;
				CLANG_WARN_COMMA = YES;
				CLANG_WARN_CONSTANT_CONVERSION = YES;
				CLANG_WARN_DIRECT_OBJC_ISA_USAGE = YES_ERROR;
				CLANG_WARN_DOCUMENTATION_COMMENTS = YES;
				CLANG_WARN_EMPTY_BODY = YES;
				CLANG_WARN_ENUM_CONVERSION = YES;
				CLANG_WARN_INFINITE_RECURSION = YES;
				CLANG_WARN_INT_CONVERSION = YES;
				CLANG_WARN_OBJC_ROOT_CLASS = YES_ERROR;
				CLANG_WARN_RANGE_LOOP_ANALYSIS = YES;
				CLANG_WARN_STRICT_PROTOTYPES = YES;
				CLANG_WARN_SUSPICIOUS_MOVE = YES;
				CLANG_WARN_UNGUARDED_AVAILABILITY = YES_AGGRESSIVE;
				CLANG_WARN_UNREACHABLE_CODE = YES;
				CLANG_WARN__DUPLICATE_METHOD_MATCH = YES;
				CODE_SIGN_IDENTITY = "iPhone Developer";
				COPY_PHASE_STRIP = NO;
				DEBUG_INFORMATION_FORMAT = dwarf;
				ENABLE_STRICT_OBJC_MSGSEND = YES;
				ENABLE_TESTABILITY = YES;
				GCC_C_LANGUAGE_STANDARD = gnu11;
				GCC_DYNAMIC_NO_PIC = NO;
				GCC_NO_COMMON_BLOCKS = YES;
				GCC_OPTIMIZATION_LEVEL = 0;
				GCC_PREPROCESSOR_DEFINITIONS = (
					"DEBUG=1",
					"$(inherited)",
				);
				GCC_WARN_64_TO_32_BIT_CONVERSION = YES;
				GCC_WARN_ABOUT_RETURN_TYPE = YES_ERROR;
				GCC_WARN_UNDECLARED_SELECTOR = YES;
				GCC_WARN_UNINITIALIZED_AUTOS = YES_AGGRESSIVE;
				GCC_WARN_UNUSED_FUNCTION = YES;
				GCC_WARN_UNUSED_VARIABLE = YES;
				IPHONEOS_DEPLOYMENT_TARGET = 11.0;
				MTL_ENABLE_DEBUG_INFO = YES;
				ONLY_ACTIVE_ARCH = YES;
				SDKROOT = iphoneos;
				SWIFT_ACTIVE_COMPILATION_CONDITIONS = DEBUG;
				SWIFT_OPTIMIZATION_LEVEL = "-Onone";
			};
			name = Debug;
		};
		24D163EB1F63F7F1004DE5AD /* Release */ = {
			isa = XCBuildConfiguration;
			buildSettings = {
				ALWAYS_SEARCH_USER_PATHS = NO;
				CLANG_ANALYZER_NONNULL = YES;
				CLANG_ANALYZER_NUMBER_OBJECT_CONVERSION = YES_AGGRESSIVE;
				CLANG_CXX_LANGUAGE_STANDARD = "gnu++14";
				CLANG_CXX_LIBRARY = "libc++";
				CLANG_ENABLE_MODULES = YES;
				CLANG_ENABLE_OBJC_ARC = YES;
				CLANG_WARN_BLOCK_CAPTURE_AUTORELEASING = YES;
				CLANG_WARN_BOOL_CONVERSION = YES;
				CLANG_WARN_COMMA = YES;
				CLANG_WARN_CONSTANT_CONVERSION = YES;
				CLANG_WARN_DIRECT_OBJC_ISA_USAGE = YES_ERROR;
				CLANG_WARN_DOCUMENTATION_COMMENTS = YES;
				CLANG_WARN_EMPTY_BODY = YES;
				CLANG_WARN_ENUM_CONVERSION = YES;
				CLANG_WARN_INFINITE_RECURSION = YES;
				CLANG_WARN_INT_CONVERSION = YES;
				CLANG_WARN_OBJC_ROOT_CLASS = YES_ERROR;
				CLANG_WARN_RANGE_LOOP_ANALYSIS = YES;
				CLANG_WARN_STRICT_PROTOTYPES = YES;
				CLANG_WARN_SUSPICIOUS_MOVE = YES;
				CLANG_WARN_UNGUARDED_AVAILABILITY = YES_AGGRESSIVE;
				CLANG_WARN_UNREACHABLE_CODE = YES;
				CLANG_WARN__DUPLICATE_METHOD_MATCH = YES;
				CODE_SIGN_IDENTITY = "iPhone Developer";
				COPY_PHASE_STRIP = NO;
				DEBUG_INFORMATION_FORMAT = "dwarf-with-dsym";
				ENABLE_NS_ASSERTIONS = NO;
				ENABLE_STRICT_OBJC_MSGSEND = YES;
				GCC_C_LANGUAGE_STANDARD = gnu11;
				GCC_NO_COMMON_BLOCKS = YES;
				GCC_WARN_64_TO_32_BIT_CONVERSION = YES;
				GCC_WARN_ABOUT_RETURN_TYPE = YES_ERROR;
				GCC_WARN_UNDECLARED_SELECTOR = YES;
				GCC_WARN_UNINITIALIZED_AUTOS = YES_AGGRESSIVE;
				GCC_WARN_UNUSED_FUNCTION = YES;
				GCC_WARN_UNUSED_VARIABLE = YES;
				IPHONEOS_DEPLOYMENT_TARGET = 11.0;
				MTL_ENABLE_DEBUG_INFO = NO;
				SDKROOT = iphoneos;
				SWIFT_OPTIMIZATION_LEVEL = "-Owholemodule";
				VALIDATE_PRODUCT = YES;
			};
			name = Release;
		};
		24D163ED1F63F7F1004DE5AD /* Debug */ = {
			isa = XCBuildConfiguration;
			buildSettings = {
				ASSETCATALOG_COMPILER_APPICON_NAME = AppIcon;
				DEVELOPMENT_TEAM = VEBQ28K9EA;
				INFOPLIST_FILE = KCProgressButton/Info.plist;
				LD_RUNPATH_SEARCH_PATHS = "$(inherited) @executable_path/Frameworks";
				PRODUCT_BUNDLE_IDENTIFIER = com.krayc.KCProgressButton;
				PRODUCT_NAME = "$(TARGET_NAME)";
				SWIFT_VERSION = 4.0;
				TARGETED_DEVICE_FAMILY = "1,2";
			};
			name = Debug;
		};
		24D163EE1F63F7F1004DE5AD /* Release */ = {
			isa = XCBuildConfiguration;
			buildSettings = {
				ASSETCATALOG_COMPILER_APPICON_NAME = AppIcon;
				DEVELOPMENT_TEAM = VEBQ28K9EA;
				INFOPLIST_FILE = KCProgressButton/Info.plist;
				LD_RUNPATH_SEARCH_PATHS = "$(inherited) @executable_path/Frameworks";
				PRODUCT_BUNDLE_IDENTIFIER = com.krayc.KCProgressButton;
				PRODUCT_NAME = "$(TARGET_NAME)";
				SWIFT_VERSION = 4.0;
				TARGETED_DEVICE_FAMILY = "1,2";
			};
			name = Release;
		};
/* End XCBuildConfiguration section */

/* Begin XCConfigurationList section */
		24D163D51F63F7F1004DE5AD /* Build configuration list for PBXProject "KCProgressButton" */ = {
			isa = XCConfigurationList;
			buildConfigurations = (
				24D163EA1F63F7F1004DE5AD /* Debug */,
				24D163EB1F63F7F1004DE5AD /* Release */,
			);
			defaultConfigurationIsVisible = 0;
			defaultConfigurationName = Release;
		};
		24D163EC1F63F7F1004DE5AD /* Build configuration list for PBXNativeTarget "KCProgressButton" */ = {
			isa = XCConfigurationList;
			buildConfigurations = (
				24D163ED1F63F7F1004DE5AD /* Debug */,
				24D163EE1F63F7F1004DE5AD /* Release */,
			);
			defaultConfigurationIsVisible = 0;
			defaultConfigurationName = Release;
		};
/* End XCConfigurationList section */
	};
	rootObject = 24D163D21F63F7F1004DE5AD /* Project object */;
}
